
Microsoft Visual Studio Solution File, Format Version 12.00
# Visual Studio Version 17
VisualStudioVersion = 17.2.32630.192
MinimumVisualStudioVersion = 10.0.40219.1
Project("{FAE04EC0-301F-11D3-BF4B-00C04F79EFBC}") = "FrodigyAPI", "FrodigyAPI\FrodigyAPI.csproj", "{741BE70B-735C-4004-A95A-2C98E574276C}"
EndProject
Global
	GlobalSection(SolutionConfigurationPlatforms) = preSolution
		Debug|Any CPU = Debug|Any CPU
		Release|Any CPU = Release|Any CPU
	EndGlobalSection
	GlobalSection(ProjectConfigurationPlatforms) = postSolution
		{741BE70B-735C-4004-A95A-2C98E574276C}.Debug|Any CPU.ActiveCfg = Debug|Any CPU
		{741BE70B-735C-4004-A95A-2C98E574276C}.Debug|Any CPU.Build.0 = Debug|Any CPU
		{741BE70B-735C-4004-A95A-2C98E574276C}.Release|Any CPU.ActiveCfg = Release|Any CPU
		{741BE70B-735C-4004-A95A-2C98E574276C}.Release|Any CPU.Build.0 = Release|Any CPU
	EndGlobalSection
	GlobalSection(SolutionProperties) = preSolution
		HideSolutionNode = FALSE
	EndGlobalSection
	GlobalSection(ExtensibilityGlobals) = postSolution
		SolutionGuid = {F45BB189-DC4B-4080-AFDA-3818D24732F0}
	EndGlobalSection
EndGlobal
